
Microsoft Visual Studio Solution File, Format Version 12.00
# Visual Studio Version 16
VisualStudioVersion = 16.0.30225.117
MinimumVisualStudioVersion = 10.0.40219.1
Project("{FAE04EC0-301F-11D3-BF4B-00C04F79EFBC}") = "GrassWrapper", "GrassWrapper.csproj", "{F19593CC-F49C-4351-903D-BEB1DB3E7836}"
EndProject
Project("{FAE04EC0-301F-11D3-BF4B-00C04F79EFBC}") = "GrassWrapperTest", "..\GrassWrapperTest\GrassWrapperTest.csproj", "{610FDB40-9F0C-46EB-8EB5-1FC82FB3C309}"
EndProject
Global
	GlobalSection(SolutionConfigurationPlatforms) = preSolution
		Debug|Any CPU = Debug|Any CPU
		Release|Any CPU = Release|Any CPU
	EndGlobalSection
	GlobalSection(ProjectConfigurationPlatforms) = postSolution
		{F19593CC-F49C-4351-903D-BEB1DB3E7836}.Debug|Any CPU.ActiveCfg = Debug|Any CPU
		{F19593CC-F49C-4351-903D-BEB1DB3E7836}.Debug|Any CPU.Build.0 = Debug|Any CPU
		{F19593CC-F49C-4351-903D-BEB1DB3E7836}.Release|Any CPU.ActiveCfg = Release|Any CPU
		{F19593CC-F49C-4351-903D-BEB1DB3E7836}.Release|Any CPU.Build.0 = Release|Any CPU
		{610FDB40-9F0C-46EB-8EB5-1FC82FB3C309}.Debug|Any CPU.ActiveCfg = Debug|Any CPU
		{610FDB40-9F0C-46EB-8EB5-1FC82FB3C309}.Debug|Any CPU.Build.0 = Debug|Any CPU
		{610FDB40-9F0C-46EB-8EB5-1FC82FB3C309}.Release|Any CPU.ActiveCfg = Release|Any CPU
		{610FDB40-9F0C-46EB-8EB5-1FC82FB3C309}.Release|Any CPU.Build.0 = Release|Any CPU
	EndGlobalSection
	GlobalSection(SolutionProperties) = preSolution
		HideSolutionNode = FALSE
	EndGlobalSection
	GlobalSection(ExtensibilityGlobals) = postSolution
		SolutionGuid = {FB392540-49DD-42B5-AC13-B1B16F6A42A5}
	EndGlobalSection
EndGlobal
